<?xml version="1.0" encoding="utf-8"?>
<Project ToolsVersion="4.0" xmlns="http://schemas.microsoft.com/developer/msbuild/2003">
  <ItemGroup>
    <ClCompile Include="JokeDSE.cpp">
      <Filter>Sources</Filter>
    </ClCompile>
    <ClCompile Include="JokeDSEDlg.cpp">
      <Filter>Sources</Filter>
    </ClCompile>
    <ClCompile Include="stdafx.cpp">
      <Filter>Sources</Filter>
    </ClCompile>
    <ClCompile Include="..\Include\TimeUtility.cpp">
      <Filter>Include</Filter>
    </ClCompile>
    <ClCompile Include="..\Include\Runlog.cpp">
      <Filter>Include</Filter>
    </ClCompile>
    <ClCompile Include="..\Include\Utility.cpp">
      <Filter>Include</Filter>
    </ClCompile>
  </ItemGroup>
  <ItemGroup>
    <ClInclude Include="JokeDSEDlg.h">
      <Filter>Headers</Filter>
    </ClInclude>
    <ClInclude Include="Resource.h">
      <Filter>Headers</Filter>
    </ClInclude>
    <ClInclude Include="stdafx.h">
      <Filter>Headers</Filter>
    </ClInclude>
    <ClInclude Include="targetver.h">
      <Filter>Headers</Filter>
    </ClInclude>
    <ClInclude Include="JokeDSE.h">
      <Filter>Headers</Filter>
    </ClInclude>
    <ClInclude Include="..\Include\Runlog.h">
      <Filter>Include</Filter>
    </ClInclude>
    <ClInclude Include="..\Include\SocketUtils.h">
      <Filter>Include</Filter>
    </ClInclude>
    <ClInclude Include="..\Include\TimeUtility.h">
      <Filter>Include</Filter>
    </ClInclude>
    <ClInclude Include="..\Include\Utility.h">
      <Filter>Include</Filter>
    </ClInclude>
  </ItemGroup>
  <ItemGroup>
    <Text Include="ReadMe.txt" />
  </ItemGroup>
  <ItemGroup>
    <Filter Include="Include">
      <UniqueIdentifier>{97e27713-0bde-41a1-a664-bc58d0a08f17}</UniqueIdentifier>
    </Filter>
    <Filter Include="Headers">
      <UniqueIdentifier>{f02040f3-1346-442d-84e0-a7a3d5c26d22}</UniqueIdentifier>
    </Filter>
    <Filter Include="Sources">
      <UniqueIdentifier>{415c2313-7969-4c2b-8d4c-5ad5a9148e04}</UniqueIdentifier>
    </Filter>
    <Filter Include="Resources">
      <UniqueIdentifier>{82af4880-132d-4fc2-8e72-9a3001da749d}</UniqueIdentifier>
    </Filter>
  </ItemGroup>
  <ItemGroup>
    <ResourceCompile Include="JokeDSE.rc">
      <Filter>Resources</Filter>
    </ResourceCompile>
  </ItemGroup>
  <ItemGroup>
    <None Include="res\JokeDSE.rc2">
      <Filter>Resources</Filter>
    </None>
  </ItemGroup>
  <ItemGroup>
    <Image Include="res\JokeDSE.ico">
      <Filter>Resources</Filter>
    </Image>
  </ItemGroup>
</Project>